
Microsoft Visual Studio Solution File, Format Version 12.00
# Visual Studio Version 17
VisualStudioVersion = 17.14.36327.8 d17.14
MinimumVisualStudioVersion = 10.0.40219.1
Project("{FAE04EC0-301F-11D3-BF4B-00C04F79EFBC}") = "DesafiosSOLID", "DesafiosSOLID\DesafiosSOLID.csproj", "{1AA12CA9-9B36-4DD6-9665-C46EADCC993D}"
EndProject
Global
	GlobalSection(SolutionConfigurationPlatforms) = preSolution
		Debug|Any CPU = Debug|Any CPU
		Release|Any CPU = Release|Any CPU
	EndGlobalSection
	GlobalSection(ProjectConfigurationPlatforms) = postSolution
		{1AA12CA9-9B36-4DD6-9665-C46EADCC993D}.Debug|Any CPU.ActiveCfg = Debug|Any CPU
		{1AA12CA9-9B36-4DD6-9665-C46EADCC993D}.Debug|Any CPU.Build.0 = Debug|Any CPU
		{1AA12CA9-9B36-4DD6-9665-C46EADCC993D}.Release|Any CPU.ActiveCfg = Release|Any CPU
		{1AA12CA9-9B36-4DD6-9665-C46EADCC993D}.Release|Any CPU.Build.0 = Release|Any CPU
	EndGlobalSection
	GlobalSection(SolutionProperties) = preSolution
		HideSolutionNode = FALSE
	EndGlobalSection
	GlobalSection(ExtensibilityGlobals) = postSolution
		SolutionGuid = {415172D7-6459-4ABF-B51C-676E8C84BEFB}
	EndGlobalSection
EndGlobal
